// !$*UTF8*$!
{
	archiveVersion = 1;
	classes = {
	};
	objectVersion = 50;
	objects = {

/* Begin PBXBuildFile section */
		34D51268223D2ACD00C7BAC4 /* AppDelegate.swift in Sources */ = {isa = PBXBuildFile; fileRef = 34D51267223D2ACD00C7BAC4 /* AppDelegate.swift */; };
		34D5126A223D2ACD00C7BAC4 /* ViewController.swift in Sources */ = {isa = PBXBuildFile; fileRef = 34D51269223D2ACD00C7BAC4 /* ViewController.swift */; };
		34D5126D223D2ACD00C7BAC4 /* Main.storyboard in Resources */ = {isa = PBXBuildFile; fileRef = 34D5126B223D2ACD00C7BAC4 /* Main.storyboard */; };
		34D5126F223D2AD000C7BAC4 /* Assets.xcassets in Resources */ = {isa = PBXBuildFile; fileRef = 34D5126E223D2AD000C7BAC4 /* Assets.xcassets */; };
		34D51272223D2AD000C7BAC4 /* LaunchScreen.storyboard in Resources */ = {isa = PBXBuildFile; fileRef = 34D51270223D2AD000C7BAC4 /* LaunchScreen.storyboard */; };
		34D5128D223D2BD100C7BAC4 /* DoCalculations.swift in Sources */ = {isa = PBXBuildFile; fileRef = 34D5128C223D2BD100C7BAC4 /* DoCalculations.swift */; };
		34D5128F223D2D1E00C7BAC4 /* ConcurrentQueues.swift in Sources */ = {isa = PBXBuildFile; fileRef = 34D5128E223D2D1E00C7BAC4 /* ConcurrentQueues.swift */; };
		34D51291223D489800C7BAC4 /* SerialQueues.swift in Sources */ = {isa = PBXBuildFile; fileRef = 34D51290223D489800C7BAC4 /* SerialQueues.swift */; };
		34D51293223D833500C7BAC4 /* DispatchAfter.swift in Sources */ = {isa = PBXBuildFile; fileRef = 34D51292223D833500C7BAC4 /* DispatchAfter.swift */; };
/* End PBXBuildFile section */

/* Begin PBXFileReference section */
		34D51264223D2ACD00C7BAC4 /* GCDExample.app */ = {isa = PBXFileReference; explicitFileType = wrapper.application; includeInIndex = 0; path = GCDExample.app; sourceTree = BUILT_PRODUCTS_DIR; };
		34D51267223D2ACD00C7BAC4 /* AppDelegate.swift */ = {isa = PBXFileReference; lastKnownFileType = sourcecode.swift; path = AppDelegate.swift; sourceTree = "<group>"; };
		34D51269223D2ACD00C7BAC4 /* ViewController.swift */ = {isa = PBXFileReference; lastKnownFileType = sourcecode.swift; path = ViewController.swift; sourceTree = "<group>"; };
		34D5126C223D2ACD00C7BAC4 /* Base */ = {isa = PBXFileReference; lastKnownFileType = file.storyboard; name = Base; path = Base.lproj/Main.storyboard; sourceTree = "<group>"; };
		34D5126E223D2AD000C7BAC4 /* Assets.xcassets */ = {isa = PBXFileReference; lastKnownFileType = folder.assetcatalog; path = Assets.xcassets; sourceTree = "<group>"; };
		34D51271223D2AD000C7BAC4 /* Base */ = {isa = PBXFileReference; lastKnownFileType = file.storyboard; name = Base; path = Base.lproj/LaunchScreen.storyboard; sourceTree = "<group>"; };
		34D51273223D2AD000C7BAC4 /* Info.plist */ = {isa = PBXFileReference; lastKnownFileType = text.plist.xml; path = Info.plist; sourceTree = "<group>"; };
		34D5128C223D2BD100C7BAC4 /* DoCalculations.swift */ = {isa = PBXFileReference; lastKnownFileType = sourcecode.swift; path = DoCalculations.swift; sourceTree = "<group>"; };
		34D5128E223D2D1E00C7BAC4 /* ConcurrentQueues.swift */ = {isa = PBXFileReference; lastKnownFileType = sourcecode.swift; path = ConcurrentQueues.swift; sourceTree = "<group>"; };
		34D51290223D489800C7BAC4 /* SerialQueues.swift */ = {isa = PBXFileReference; lastKnownFileType = sourcecode.swift; path = SerialQueues.swift; sourceTree = "<group>"; };
		34D51292223D833500C7BAC4 /* DispatchAfter.swift */ = {isa = PBXFileReference; lastKnownFileType = sourcecode.swift; path = DispatchAfter.swift; sourceTree = "<group>"; };
/* End PBXFileReference section */

/* Begin PBXFrameworksBuildPhase section */
		34D51261223D2ACD00C7BAC4 /* Frameworks */ = {
			isa = PBXFrameworksBuildPhase;
			buildActionMask = 2147483647;
			files = (
			);
			runOnlyForDeploymentPostprocessing = 0;
		};
/* End PBXFrameworksBuildPhase section */

/* Begin PBXGroup section */
		34D5125B223D2ACD00C7BAC4 = {
			isa = PBXGroup;
			children = (
				34D51266223D2ACD00C7BAC4 /* GCDExample */,
				34D51265223D2ACD00C7BAC4 /* Products */,
			);
			sourceTree = "<group>";
		};
		34D51265223D2ACD00C7BAC4 /* Products */ = {
			isa = PBXGroup;
			children = (
				34D51264223D2ACD00C7BAC4 /* GCDExample.app */,
			);
			name = Products;
			sourceTree = "<group>";
		};
		34D51266223D2ACD00C7BAC4 /* GCDExample */ = {
			isa = PBXGroup;
			children = (
				34D51267223D2ACD00C7BAC4 /* AppDelegate.swift */,
				34D51269223D2ACD00C7BAC4 /* ViewController.swift */,
				34D5126B223D2ACD00C7BAC4 /* Main.storyboard */,
				34D5126E223D2AD000C7BAC4 /* Assets.xcassets */,
				34D51270223D2AD000C7BAC4 /* LaunchScreen.storyboard */,
				34D51273223D2AD000C7BAC4 /* Info.plist */,
				34D5128C223D2BD100C7BAC4 /* DoCalculations.swift */,
				34D5128E223D2D1E00C7BAC4 /* ConcurrentQueues.swift */,
				34D51290223D489800C7BAC4 /* SerialQueues.swift */,
				34D51292223D833500C7BAC4 /* DispatchAfter.swift */,
			);
			path = GCDExample;
			sourceTree = "<group>";
		};
/* End PBXGroup section */

/* Begin PBXNativeTarget section */
		34D51263223D2ACD00C7BAC4 /* GCDExample */ = {
			isa = PBXNativeTarget;
			buildConfigurationList = 34D51276223D2AD000C7BAC4 /* Build configuration list for PBXNativeTarget "GCDExample" */;
			buildPhases = (
				34D51260223D2ACD00C7BAC4 /* Sources */,
				34D51261223D2ACD00C7BAC4 /* Frameworks */,
				34D51262223D2ACD00C7BAC4 /* Resources */,
			);
			buildRules = (
			);
			dependencies = (
			);
			name = GCDExample;
			productName = GCDExample;
			productReference = 34D51264223D2ACD00C7BAC4 /* GCDExample.app */;
			productType = "com.apple.product-type.application";
		};
/* End PBXNativeTarget section */

/* Begin PBXProject section */
		34D5125C223D2ACD00C7BAC4 /* Project object */ = {
			isa = PBXProject;
			attributes = {
				LastSwiftUpdateCheck = 1010;
				LastUpgradeCheck = 1010;
				ORGANIZATIONNAME = "Jon Hoffman";
				TargetAttributes = {
					34D51263223D2ACD00C7BAC4 = {
						CreatedOnToolsVersion = 10.1;
					};
				};
			};
			buildConfigurationList = 34D5125F223D2ACD00C7BAC4 /* Build configuration list for PBXProject "GCDExample" */;
			compatibilityVersion = "Xcode 9.3";
			developmentRegion = en;
			hasScannedForEncodings = 0;
			knownRegions = (
				en,
				Base,
			);
			mainGroup = 34D5125B223D2ACD00C7BAC4;
			productRefGroup = 34D51265223D2ACD00C7BAC4 /* Products */;
			projectDirPath = "";
			projectRoot = "";
			targets = (
				34D51263223D2ACD00C7BAC4 /* GCDExample */,
			);
		};
/* End PBXProject section */

/* Begin PBXResourcesBuildPhase section */
		34D51262223D2ACD00C7BAC4 /* Resources */ = {
			isa = PBXResourcesBuildPhase;
			buildActionMask = 2147483647;
			files = (
				34D51272223D2AD000C7BAC4 /* LaunchScreen.storyboard in Resources */,
				34D5126F223D2AD000C7BAC4 /* Assets.xcassets in Resources */,
				34D5126D223D2ACD00C7BAC4 /* Main.storyboard in Resources */,
			);
			runOnlyForDeploymentPostprocessing = 0;
		};
/* End PBXResourcesBuildPhase section */

/* Begin PBXSourcesBuildPhase section */
		34D51260223D2ACD00C7BAC4 /* Sources */ = {
			isa = PBXSourcesBuildPhase;
			buildActionMask = 2147483647;
			files = (
				34D51293223D833500C7BAC4 /* DispatchAfter.swift in Sources */,
				34D5128F223D2D1E00C7BAC4 /* ConcurrentQueues.swift in Sources */,
				34D5128D223D2BD100C7BAC4 /* DoCalculations.swift in Sources */,
				34D5126A223D2ACD00C7BAC4 /* ViewController.swift in Sources */,
				34D51291223D489800C7BAC4 /* SerialQueues.swift in Sources */,
				34D51268223D2ACD00C7BAC4 /* AppDelegate.swift in Sources */,
			);
			runOnlyForDeploymentPostprocessing = 0;
		};
/* End PBXSourcesBuildPhase section */

/* Begin PBXVariantGroup section */
		34D5126B223D2ACD00C7BAC4 /* Main.storyboard */ = {
			isa = PBXVariantGroup;
			children = (
				34D5126C223D2ACD00C7BAC4 /* Base */,
			);
			name = Main.storyboard;
			sourceTree = "<group>";
		};
		34D51270223D2AD000C7BAC4 /* LaunchScreen.storyboard */ = {
			isa = PBXVariantGroup;
			children = (
				34D51271223D2AD000C7BAC4 /* Base */,
			);
			name = LaunchScreen.storyboard;
			sourceTree = "<group>";
		};
/* End PBXVariantGroup section */

/* Begin XCBuildConfiguration section */
		34D51274223D2AD000C7BAC4 /* Debug */ = {
			isa = XCBuildConfiguration;
			buildSettings = {
				ALWAYS_SEARCH_USER_PATHS = NO;
				CLANG_ANALYZER_NONNULL = YES;
				CLANG_ANALYZER_NUMBER_OBJECT_CONVERSION = YES_AGGRESSIVE;
				CLANG_CXX_LANGUAGE_STANDARD = "gnu++14";
				CLANG_CXX_LIBRARY = "libc++";
				CLANG_ENABLE_MODULES = YES;
				CLANG_ENABLE_OBJC_ARC = YES;
				CLANG_ENABLE_OBJC_WEAK = YES;
				CLANG_WARN_BLOCK_CAPTURE_AUTORELEASING = YES;
				CLANG_WARN_BOOL_CONVERSION = YES;
				CLANG_WARN_COMMA = YES;
				CLANG_WARN_CONSTANT_CONVERSION = YES;
				CLANG_WARN_DEPRECATED_OBJC_IMPLEMENTATIONS = YES;
				CLANG_WARN_DIRECT_OBJC_ISA_USAGE = YES_ERROR;
				CLANG_WARN_DOCUMENTATION_COMMENTS = YES;
				CLANG_WARN_EMPTY_BODY = YES;
				CLANG_WARN_ENUM_CONVERSION = YES;
				CLANG_WARN_INFINITE_RECURSION = YES;
				CLANG_WARN_INT_CONVERSION = YES;
				CLANG_WARN_NON_LITERAL_NULL_CONVERSION = YES;
				CLANG_WARN_OBJC_IMPLICIT_RETAIN_SELF = YES;
				CLANG_WARN_OBJC_LITERAL_CONVERSION = YES;
				CLANG_WARN_OBJC_ROOT_CLASS = YES_ERROR;
				CLANG_WARN_RANGE_LOOP_ANALYSIS = YES;
				CLANG_WARN_STRICT_PROTOTYPES = YES;
				CLANG_WARN_SUSPICIOUS_MOVE = YES;
				CLANG_WARN_UNGUARDED_AVAILABILITY = YES_AGGRESSIVE;
				CLANG_WARN_UNREACHABLE_CODE = YES;
				CLANG_WARN__DUPLICATE_METHOD_MATCH = YES;
				CODE_SIGN_IDENTITY = "iPhone Developer";
				COPY_PHASE_STRIP = NO;
				DEBUG_INFORMATION_FORMAT = dwarf;
				ENABLE_STRICT_OBJC_MSGSEND = YES;
				ENABLE_TESTABILITY = YES;
				GCC_C_LANGUAGE_STANDARD = gnu11;
				GCC_DYNAMIC_NO_PIC = NO;
				GCC_NO_COMMON_BLOCKS = YES;
				GCC_OPTIMIZATION_LEVEL = 0;
				GCC_PREPROCESSOR_DEFINITIONS = (
					"DEBUG=1",
					"$(inherited)",
				);
				GCC_WARN_64_TO_32_BIT_CONVERSION = YES;
				GCC_WARN_ABOUT_RETURN_TYPE = YES_ERROR;
				GCC_WARN_UNDECLARED_SELECTOR = YES;
				GCC_WARN_UNINITIALIZED_AUTOS = YES_AGGRESSIVE;
				GCC_WARN_UNUSED_FUNCTION = YES;
				GCC_WARN_UNUSED_VARIABLE = YES;
				IPHONEOS_DEPLOYMENT_TARGET = 12.1;
				MTL_ENABLE_DEBUG_INFO = INCLUDE_SOURCE;
				MTL_FAST_MATH = YES;
				ONLY_ACTIVE_ARCH = YES;
				SDKROOT = iphoneos;
				SWIFT_ACTIVE_COMPILATION_CONDITIONS = DEBUG;
				SWIFT_OPTIMIZATION_LEVEL = "-Onone";
			};
			name = Debug;
		};
		34D51275223D2AD000C7BAC4 /* Release */ = {
			isa = XCBuildConfiguration;
			buildSettings = {
				ALWAYS_SEARCH_USER_PATHS = NO;
				CLANG_ANALYZER_NONNULL = YES;
				CLANG_ANALYZER_NUMBER_OBJECT_CONVERSION = YES_AGGRESSIVE;
				CLANG_CXX_LANGUAGE_STANDARD = "gnu++14";
				CLANG_CXX_LIBRARY = "libc++";
				CLANG_ENABLE_MODULES = YES;
				CLANG_ENABLE_OBJC_ARC = YES;
				CLANG_ENABLE_OBJC_WEAK = YES;
				CLANG_WARN_BLOCK_CAPTURE_AUTORELEASING = YES;
				CLANG_WARN_BOOL_CONVERSION = YES;
				CLANG_WARN_COMMA = YES;
				CLANG_WARN_CONSTANT_CONVERSION = YES;
				CLANG_WARN_DEPRECATED_OBJC_IMPLEMENTATIONS = YES;
				CLANG_WARN_DIRECT_OBJC_ISA_USAGE = YES_ERROR;
				CLANG_WARN_DOCUMENTATION_COMMENTS = YES;
				CLANG_WARN_EMPTY_BODY = YES;
				CLANG_WARN_ENUM_CONVERSION = YES;
				CLANG_WARN_INFINITE_RECURSION = YES;
				CLANG_WARN_INT_CONVERSION = YES;
				CLANG_WARN_NON_LITERAL_NULL_CONVERSION = YES;
				CLANG_WARN_OBJC_IMPLICIT_RETAIN_SELF = YES;
				CLANG_WARN_OBJC_LITERAL_CONVERSION = YES;
				CLANG_WARN_OBJC_ROOT_CLASS = YES_ERROR;
				CLANG_WARN_RANGE_LOOP_ANALYSIS = YES;
				CLANG_WARN_STRICT_PROTOTYPES = YES;
				CLANG_WARN_SUSPICIOUS_MOVE = YES;
				CLANG_WARN_UNGUARDED_AVAILABILITY = YES_AGGRESSIVE;
				CLANG_WARN_UNREACHABLE_CODE = YES;
				CLANG_WARN__DUPLICATE_METHOD_MATCH = YES;
				CODE_SIGN_IDENTITY = "iPhone Developer";
				COPY_PHASE_STRIP = NO;
				DEBUG_INFORMATION_FORMAT = "dwarf-with-dsym";
				ENABLE_NS_ASSERTIONS = NO;
				ENABLE_STRICT_OBJC_MSGSEND = YES;
				GCC_C_LANGUAGE_STANDARD = gnu11;
				GCC_NO_COMMON_BLOCKS = YES;
				GCC_WARN_64_TO_32_BIT_CONVERSION = YES;
				GCC_WARN_ABOUT_RETURN_TYPE = YES_ERROR;
				GCC_WARN_UNDECLARED_SELECTOR = YES;
				GCC_WARN_UNINITIALIZED_AUTOS = YES_AGGRESSIVE;
				GCC_WARN_UNUSED_FUNCTION = YES;
				GCC_WARN_UNUSED_VARIABLE = YES;
				IPHONEOS_DEPLOYMENT_TARGET = 12.1;
				MTL_ENABLE_DEBUG_INFO = NO;
				MTL_FAST_MATH = YES;
				SDKROOT = iphoneos;
				SWIFT_COMPILATION_MODE = wholemodule;
				SWIFT_OPTIMIZATION_LEVEL = "-O";
				VALIDATE_PRODUCT = YES;
			};
			name = Release;
		};
		34D51277223D2AD000C7BAC4 /* Debug */ = {
			isa = XCBuildConfiguration;
			buildSettings = {
				ASSETCATALOG_COMPILER_APPICON_NAME = AppIcon;
				CODE_SIGN_STYLE = Automatic;
				INFOPLIST_FILE = GCDExample/Info.plist;
				LD_RUNPATH_SEARCH_PATHS = (
					"$(inherited)",
					"@executable_path/Frameworks",
				);
				PRODUCT_BUNDLE_IDENTIFIER = org.me.GCDExample;
				PRODUCT_NAME = "$(TARGET_NAME)";
				SWIFT_VERSION = 4.2;
				TARGETED_DEVICE_FAMILY = "1,2";
			};
			name = Debug;
		};
		34D51278223D2AD000C7BAC4 /* Release */ = {
			isa = XCBuildConfiguration;
			buildSettings = {
				ASSETCATALOG_COMPILER_APPICON_NAME = AppIcon;
				CODE_SIGN_STYLE = Automatic;
				INFOPLIST_FILE = GCDExample/Info.plist;
				LD_RUNPATH_SEARCH_PATHS = (
					"$(inherited)",
					"@executable_path/Frameworks",
				);
				PRODUCT_BUNDLE_IDENTIFIER = org.me.GCDExample;
				PRODUCT_NAME = "$(TARGET_NAME)";
				SWIFT_VERSION = 4.2;
				TARGETED_DEVICE_FAMILY = "1,2";
			};
			name = Release;
		};
/* End XCBuildConfiguration section */

/* Begin XCConfigurationList section */
		34D5125F223D2ACD00C7BAC4 /* Build configuration list for PBXProject "GCDExample" */ = {
			isa = XCConfigurationList;
			buildConfigurations = (
				34D51274223D2AD000C7BAC4 /* Debug */,
				34D51275223D2AD000C7BAC4 /* Release */,
			);
			defaultConfigurationIsVisible = 0;
			defaultConfigurationName = Release;
		};
		34D51276223D2AD000C7BAC4 /* Build configuration list for PBXNativeTarget "GCDExample" */ = {
			isa = XCConfigurationList;
			buildConfigurations = (
				34D51277223D2AD000C7BAC4 /* Debug */,
				34D51278223D2AD000C7BAC4 /* Release */,
			);
			defaultConfigurationIsVisible = 0;
			defaultConfigurationName = Release;
		};
/* End XCConfigurationList section */
	};
	rootObject = 34D5125C223D2ACD00C7BAC4 /* Project object */;
}
